
Microsoft Visual Studio Solution File, Format Version 12.00
# Visual Studio Version 17
VisualStudioVersion = 17.5.33312.197
MinimumVisualStudioVersion = 10.0.40219.1
Project("{9A19103F-16F7-4668-BE54-9A1E7A4F7556}") = "TeamViewer2", "TeamViewer2\TeamViewer2.csproj", "{89B8B664-1DE1-47DA-AF47-6D67500069AE}"
EndProject
Project("{9A19103F-16F7-4668-BE54-9A1E7A4F7556}") = "TeamViewer2.Forms", "TeamViewer2.Forms\TeamViewer2.Forms.csproj", "{A8F4066C-636E-4DFF-9438-DEBD47028E14}"
EndProject
Project("{9A19103F-16F7-4668-BE54-9A1E7A4F7556}") = "TeamViewer2.Core", "TeamViewer2.Core\TeamViewer2.Core.csproj", "{70AB9ADD-DED2-436E-BF48-CBD33B07705D}"
EndProject
Project("{2150E333-8FDC-42A3-9474-1A3956D46DE8}") = "Service", "Service", "{123D16EA-348B-4661-BF1C-682E193A7396}"
EndProject
Project("{2150E333-8FDC-42A3-9474-1A3956D46DE8}") = "Studio", "Studio", "{E0CC3304-551D-4846-A589-B1CFF0A41A51}"
EndProject
Project("{2150E333-8FDC-42A3-9474-1A3956D46DE8}") = "Partial", "Partial", "{DC359FCA-84D8-4AD3-969A-3C091259F9FF}"
EndProject
Project("{9A19103F-16F7-4668-BE54-9A1E7A4F7556}") = "TeamViewer2.Users", "TeamViewer2.Users\TeamViewer2.Users.csproj", "{53C74B97-A952-4275-B23F-99254E637E5F}"
EndProject
Project("{2150E333-8FDC-42A3-9474-1A3956D46DE8}") = "Based", "Based", "{52A496A9-F1A7-49A6-B73C-1BD767C7A33C}"
EndProject
Project("{9A19103F-16F7-4668-BE54-9A1E7A4F7556}") = "TeamViewer2.Receiver", "TeamViewer2.Receiver\TeamViewer2.Receiver.csproj", "{E4CFBF08-6C75-447E-8ED7-33174B7B2401}"
EndProject
Project("{FAE04EC0-301F-11D3-BF4B-00C04F79EFBC}") = "TeamViewer2.LayoutSupport", "TeamViewer2.LayoutSupport\TeamViewer2.LayoutSupport.csproj", "{B4134C54-4D5D-498E-950F-D01A09331F87}"
EndProject
Project("{FAE04EC0-301F-11D3-BF4B-00C04F79EFBC}") = "TeamViewer2.Sign", "TeamViewer2.Sign\TeamViewer2.Sign.csproj", "{B4CC8C44-CEE4-451D-B282-89A9517DE577}"
EndProject
Global
	GlobalSection(SolutionConfigurationPlatforms) = preSolution
		Debug|Any CPU = Debug|Any CPU
		Release|Any CPU = Release|Any CPU
	EndGlobalSection
	GlobalSection(ProjectConfigurationPlatforms) = postSolution
		{89B8B664-1DE1-47DA-AF47-6D67500069AE}.Debug|Any CPU.ActiveCfg = Debug|Any CPU
		{89B8B664-1DE1-47DA-AF47-6D67500069AE}.Debug|Any CPU.Build.0 = Debug|Any CPU
		{89B8B664-1DE1-47DA-AF47-6D67500069AE}.Release|Any CPU.ActiveCfg = Release|Any CPU
		{89B8B664-1DE1-47DA-AF47-6D67500069AE}.Release|Any CPU.Build.0 = Release|Any CPU
		{A8F4066C-636E-4DFF-9438-DEBD47028E14}.Debug|Any CPU.ActiveCfg = Debug|Any CPU
		{A8F4066C-636E-4DFF-9438-DEBD47028E14}.Debug|Any CPU.Build.0 = Debug|Any CPU
		{A8F4066C-636E-4DFF-9438-DEBD47028E14}.Release|Any CPU.ActiveCfg = Release|Any CPU
		{A8F4066C-636E-4DFF-9438-DEBD47028E14}.Release|Any CPU.Build.0 = Release|Any CPU
		{70AB9ADD-DED2-436E-BF48-CBD33B07705D}.Debug|Any CPU.ActiveCfg = Debug|Any CPU
		{70AB9ADD-DED2-436E-BF48-CBD33B07705D}.Debug|Any CPU.Build.0 = Debug|Any CPU
		{70AB9ADD-DED2-436E-BF48-CBD33B07705D}.Release|Any CPU.ActiveCfg = Release|Any CPU
		{70AB9ADD-DED2-436E-BF48-CBD33B07705D}.Release|Any CPU.Build.0 = Release|Any CPU
		{53C74B97-A952-4275-B23F-99254E637E5F}.Debug|Any CPU.ActiveCfg = Debug|Any CPU
		{53C74B97-A952-4275-B23F-99254E637E5F}.Debug|Any CPU.Build.0 = Debug|Any CPU
		{53C74B97-A952-4275-B23F-99254E637E5F}.Release|Any CPU.ActiveCfg = Release|Any CPU
		{53C74B97-A952-4275-B23F-99254E637E5F}.Release|Any CPU.Build.0 = Release|Any CPU
		{E4CFBF08-6C75-447E-8ED7-33174B7B2401}.Debug|Any CPU.ActiveCfg = Debug|Any CPU
		{E4CFBF08-6C75-447E-8ED7-33174B7B2401}.Debug|Any CPU.Build.0 = Debug|Any CPU
		{E4CFBF08-6C75-447E-8ED7-33174B7B2401}.Release|Any CPU.ActiveCfg = Release|Any CPU
		{E4CFBF08-6C75-447E-8ED7-33174B7B2401}.Release|Any CPU.Build.0 = Release|Any CPU
		{B4134C54-4D5D-498E-950F-D01A09331F87}.Debug|Any CPU.ActiveCfg = Debug|Any CPU
		{B4134C54-4D5D-498E-950F-D01A09331F87}.Debug|Any CPU.Build.0 = Debug|Any CPU
		{B4134C54-4D5D-498E-950F-D01A09331F87}.Release|Any CPU.ActiveCfg = Release|Any CPU
		{B4134C54-4D5D-498E-950F-D01A09331F87}.Release|Any CPU.Build.0 = Release|Any CPU
		{B4CC8C44-CEE4-451D-B282-89A9517DE577}.Debug|Any CPU.ActiveCfg = Debug|Any CPU
		{B4CC8C44-CEE4-451D-B282-89A9517DE577}.Debug|Any CPU.Build.0 = Debug|Any CPU
		{B4CC8C44-CEE4-451D-B282-89A9517DE577}.Release|Any CPU.ActiveCfg = Release|Any CPU
		{B4CC8C44-CEE4-451D-B282-89A9517DE577}.Release|Any CPU.Build.0 = Release|Any CPU
	EndGlobalSection
	GlobalSection(SolutionProperties) = preSolution
		HideSolutionNode = FALSE
	EndGlobalSection
	GlobalSection(NestedProjects) = preSolution
		{89B8B664-1DE1-47DA-AF47-6D67500069AE} = {E0CC3304-551D-4846-A589-B1CFF0A41A51}
		{A8F4066C-636E-4DFF-9438-DEBD47028E14} = {DC359FCA-84D8-4AD3-969A-3C091259F9FF}
		{70AB9ADD-DED2-436E-BF48-CBD33B07705D} = {52A496A9-F1A7-49A6-B73C-1BD767C7A33C}
		{53C74B97-A952-4275-B23F-99254E637E5F} = {DC359FCA-84D8-4AD3-969A-3C091259F9FF}
		{E4CFBF08-6C75-447E-8ED7-33174B7B2401} = {123D16EA-348B-4661-BF1C-682E193A7396}
		{B4134C54-4D5D-498E-950F-D01A09331F87} = {52A496A9-F1A7-49A6-B73C-1BD767C7A33C}
		{B4CC8C44-CEE4-451D-B282-89A9517DE577} = {DC359FCA-84D8-4AD3-969A-3C091259F9FF}
	EndGlobalSection
	GlobalSection(ExtensibilityGlobals) = postSolution
		SolutionGuid = {C23C555F-8A5A-4E5F-8CA0-F079F95E2029}
	EndGlobalSection
EndGlobal
